
Microsoft Visual Studio Solution File, Format Version 12.00
# Visual Studio Version 17
VisualStudioVersion = 17.14.36518.9
MinimumVisualStudioVersion = 10.0.40219.1
Project("{FAE04EC0-301F-11D3-BF4B-00C04F79EFBC}") = "DancingGoat", "DancingGoat.csproj", "{1838E39E-042E-F108-C961-12ECC2DE8241}"
EndProject
Project("{FAE04EC0-301F-11D3-BF4B-00C04F79EFBC}") = "XperienceCommunity.Commerce.PaymentProviders.Stripe", "..\XperienceCommunity.Commerce.PaymentProviders.Stripe\src\XperienceCommunity.Commerce.PaymentProviders.Stripe\XperienceCommunity.Commerce.PaymentProviders.Stripe.csproj", "{CF6941A8-5020-6474-5849-8F1B6D433DDF}"
EndProject
Global
	GlobalSection(SolutionConfigurationPlatforms) = preSolution
		Debug|Any CPU = Debug|Any CPU
		Release|Any CPU = Release|Any CPU
	EndGlobalSection
	GlobalSection(ProjectConfigurationPlatforms) = postSolution
		{1838E39E-042E-F108-C961-12ECC2DE8241}.Debug|Any CPU.ActiveCfg = Debug|Any CPU
		{1838E39E-042E-F108-C961-12ECC2DE8241}.Debug|Any CPU.Build.0 = Debug|Any CPU
		{1838E39E-042E-F108-C961-12ECC2DE8241}.Release|Any CPU.ActiveCfg = Release|Any CPU
		{1838E39E-042E-F108-C961-12ECC2DE8241}.Release|Any CPU.Build.0 = Release|Any CPU
		{CF6941A8-5020-6474-5849-8F1B6D433DDF}.Debug|Any CPU.ActiveCfg = Debug|Any CPU
		{CF6941A8-5020-6474-5849-8F1B6D433DDF}.Debug|Any CPU.Build.0 = Debug|Any CPU
		{CF6941A8-5020-6474-5849-8F1B6D433DDF}.Release|Any CPU.ActiveCfg = Release|Any CPU
		{CF6941A8-5020-6474-5849-8F1B6D433DDF}.Release|Any CPU.Build.0 = Release|Any CPU
	EndGlobalSection
	GlobalSection(SolutionProperties) = preSolution
		HideSolutionNode = FALSE
	EndGlobalSection
	GlobalSection(ExtensibilityGlobals) = postSolution
		SolutionGuid = {9D3A91EA-2461-4C1F-972B-4AB69765A1D3}
	EndGlobalSection
EndGlobal
